{
  "name": "async-lock",
  "lockfileVersion": 2,
  "requires": true,
  "packages": {
    "": {
      "dependencies": {
        "@types/async-lock": "^1.4.0",
        "async-lock": "^1.4.0"
      }
    },
    "node_modules/@types/async-lock": {
      "version": "1.4.0",
      "resolved": "https://registry.npmjs.org/@types/async-lock/-/async-lock-1.4.0.tgz",
      "integrity": "sha512-2+rYSaWrpdbQG3SA0LmMT6YxWLrI81AqpMlSkw3QtFc2HGDufkweQSn30Eiev7x9LL0oyFrBqk1PXOnB9IEgKg=="
    },
    "node_modules/async-lock": {
      "version": "1.4.0",
      "resolved": "https://registry.npmjs.org/async-lock/-/async-lock-1.4.0.tgz",
      "integrity": "sha512-coglx5yIWuetakm3/1dsX9hxCNox22h7+V80RQOu2XUUMidtArxKoZoOtHUPuR84SycKTXzgGzAUR5hJxujyJQ=="
    }
  },
  "dependencies": {
    "@types/async-lock": {
      "version": "1.4.0",
      "resolved": "https://registry.npmjs.org/@types/async-lock/-/async-lock-1.4.0.tgz",
      "integrity": "sha512-2+rYSaWrpdbQG3SA0LmMT6YxWLrI81AqpMlSkw3QtFc2HGDufkweQSn30Eiev7x9LL0oyFrBqk1PXOnB9IEgKg=="
    },
    "async-lock": {
      "version": "1.4.0",
      "resolved": "https://registry.npmjs.org/async-lock/-/async-lock-1.4.0.tgz",
      "integrity": "sha512-coglx5yIWuetakm3/1dsX9hxCNox22h7+V80RQOu2XUUMidtArxKoZoOtHUPuR84SycKTXzgGzAUR5hJxujyJQ=="
    }
  }
}
